
Microsoft Visual Studio Solution File, Format Version 12.00
# Visual Studio Version 17
VisualStudioVersion = 17.0.31903.59
MinimumVisualStudioVersion = 10.0.40219.1
Project("{FAE04EC0-301F-11D3-BF4B-00C04F79EFBC}") = "Domain", "Domain\Domain.csproj", "{8538817D-F3AD-4F40-8F6E-52328D9DCF2A}"
EndProject
Project("{FAE04EC0-301F-11D3-BF4B-00C04F79EFBC}") = "Application", "Application\Application.csproj", "{3B99880E-E558-4CF5-9CEB-17B9427AD4E8}"
EndProject
Project("{FAE04EC0-301F-11D3-BF4B-00C04F79EFBC}") = "Infrastructure", "Infrastructure\Infrastructure.csproj", "{62456FA8-956E-46E9-85CC-6702CD78E6B9}"
EndProject
Project("{FAE04EC0-301F-11D3-BF4B-00C04F79EFBC}") = "API", "API\API.csproj", "{5F3448DE-D563-4650-A181-F4ADA59BABB2}"
EndProject
Project("{FAE04EC0-301F-11D3-BF4B-00C04F79EFBC}") = "Vendas", "..\Vendas\Api\Vendas.csproj", "{F17BF641-FA92-4F79-9F75-39FB67D4B65D}"
EndProject
Global
	GlobalSection(SolutionConfigurationPlatforms) = preSolution
		Debug|Any CPU = Debug|Any CPU
		Release|Any CPU = Release|Any CPU
	EndGlobalSection
	GlobalSection(SolutionProperties) = preSolution
		HideSolutionNode = FALSE
	EndGlobalSection
	GlobalSection(ProjectConfigurationPlatforms) = postSolution
		{8538817D-F3AD-4F40-8F6E-52328D9DCF2A}.Debug|Any CPU.ActiveCfg = Debug|Any CPU
		{8538817D-F3AD-4F40-8F6E-52328D9DCF2A}.Debug|Any CPU.Build.0 = Debug|Any CPU
		{8538817D-F3AD-4F40-8F6E-52328D9DCF2A}.Release|Any CPU.ActiveCfg = Release|Any CPU
		{8538817D-F3AD-4F40-8F6E-52328D9DCF2A}.Release|Any CPU.Build.0 = Release|Any CPU
		{3B99880E-E558-4CF5-9CEB-17B9427AD4E8}.Debug|Any CPU.ActiveCfg = Debug|Any CPU
		{3B99880E-E558-4CF5-9CEB-17B9427AD4E8}.Debug|Any CPU.Build.0 = Debug|Any CPU
		{3B99880E-E558-4CF5-9CEB-17B9427AD4E8}.Release|Any CPU.ActiveCfg = Release|Any CPU
		{3B99880E-E558-4CF5-9CEB-17B9427AD4E8}.Release|Any CPU.Build.0 = Release|Any CPU
		{62456FA8-956E-46E9-85CC-6702CD78E6B9}.Debug|Any CPU.ActiveCfg = Debug|Any CPU
		{62456FA8-956E-46E9-85CC-6702CD78E6B9}.Debug|Any CPU.Build.0 = Debug|Any CPU
		{62456FA8-956E-46E9-85CC-6702CD78E6B9}.Release|Any CPU.ActiveCfg = Release|Any CPU
		{62456FA8-956E-46E9-85CC-6702CD78E6B9}.Release|Any CPU.Build.0 = Release|Any CPU
		{5F3448DE-D563-4650-A181-F4ADA59BABB2}.Debug|Any CPU.ActiveCfg = Debug|Any CPU
		{5F3448DE-D563-4650-A181-F4ADA59BABB2}.Debug|Any CPU.Build.0 = Debug|Any CPU
		{5F3448DE-D563-4650-A181-F4ADA59BABB2}.Release|Any CPU.ActiveCfg = Release|Any CPU
		{5F3448DE-D563-4650-A181-F4ADA59BABB2}.Release|Any CPU.Build.0 = Release|Any CPU
		{F17BF641-FA92-4F79-9F75-39FB67D4B65D}.Debug|Any CPU.ActiveCfg = Debug|Any CPU
		{F17BF641-FA92-4F79-9F75-39FB67D4B65D}.Debug|Any CPU.Build.0 = Debug|Any CPU
		{F17BF641-FA92-4F79-9F75-39FB67D4B65D}.Release|Any CPU.ActiveCfg = Release|Any CPU
		{F17BF641-FA92-4F79-9F75-39FB67D4B65D}.Release|Any CPU.Build.0 = Release|Any CPU
	EndGlobalSection
EndGlobal
