
Microsoft Visual Studio Solution File, Format Version 12.00
# Visual Studio Version 17
VisualStudioVersion = 17.0.31903.59
MinimumVisualStudioVersion = 10.0.40219.1
Project("{2150E333-8FDC-42A3-9474-1A3956D46DE8}") = "Gateway", "Gateway", "{E7BDDBC6-9FD1-D1D7-ACD8-2C4F8E3D2461}"
EndProject
Project("{2150E333-8FDC-42A3-9474-1A3956D46DE8}") = "api", "api", "{92D5732C-EFEA-5B07-76A6-6E27818F8CBC}"
EndProject
Project("{FAE04EC0-301F-11D3-BF4B-00C04F79EFBC}") = "API", "Gateway\api\API.csproj", "{3774B131-D26A-47B2-8F54-C9632F74DD6D}"
EndProject
Project("{2150E333-8FDC-42A3-9474-1A3956D46DE8}") = "Estoque", "Estoque", "{50550AE8-2284-912A-C6A6-40AEDFAB45B2}"
EndProject
Project("{2150E333-8FDC-42A3-9474-1A3956D46DE8}") = "api", "api", "{612296D2-03BA-6122-3538-4A790CC15CA1}"
EndProject
Project("{FAE04EC0-301F-11D3-BF4B-00C04F79EFBC}") = "API", "Estoque\api\API.csproj", "{BCFB8924-0C58-486E-BEF6-A5132921A58B}"
EndProject
Project("{2150E333-8FDC-42A3-9474-1A3956D46DE8}") = "Vendas", "Vendas", "{96B45E6E-AE11-3300-C20C-C6814903C61C}"
EndProject
Project("{2150E333-8FDC-42A3-9474-1A3956D46DE8}") = "api", "api", "{BE640DEA-0863-758E-DF9E-23284EE18557}"
EndProject
Project("{FAE04EC0-301F-11D3-BF4B-00C04F79EFBC}") = "Vendas", "Vendas\api\Vendas.csproj", "{B9714BC3-3DCF-4496-9C28-0E579706DAE6}"
EndProject
Global
	GlobalSection(SolutionConfigurationPlatforms) = preSolution
		Debug|Any CPU = Debug|Any CPU
		Debug|x64 = Debug|x64
		Debug|x86 = Debug|x86
		Release|Any CPU = Release|Any CPU
		Release|x64 = Release|x64
		Release|x86 = Release|x86
	EndGlobalSection
	GlobalSection(ProjectConfigurationPlatforms) = postSolution
		{3774B131-D26A-47B2-8F54-C9632F74DD6D}.Debug|Any CPU.ActiveCfg = Debug|Any CPU
		{3774B131-D26A-47B2-8F54-C9632F74DD6D}.Debug|Any CPU.Build.0 = Debug|Any CPU
		{3774B131-D26A-47B2-8F54-C9632F74DD6D}.Debug|x64.ActiveCfg = Debug|Any CPU
		{3774B131-D26A-47B2-8F54-C9632F74DD6D}.Debug|x64.Build.0 = Debug|Any CPU
		{3774B131-D26A-47B2-8F54-C9632F74DD6D}.Debug|x86.ActiveCfg = Debug|Any CPU
		{3774B131-D26A-47B2-8F54-C9632F74DD6D}.Debug|x86.Build.0 = Debug|Any CPU
		{3774B131-D26A-47B2-8F54-C9632F74DD6D}.Release|Any CPU.ActiveCfg = Release|Any CPU
		{3774B131-D26A-47B2-8F54-C9632F74DD6D}.Release|Any CPU.Build.0 = Release|Any CPU
		{3774B131-D26A-47B2-8F54-C9632F74DD6D}.Release|x64.ActiveCfg = Release|Any CPU
		{3774B131-D26A-47B2-8F54-C9632F74DD6D}.Release|x64.Build.0 = Release|Any CPU
		{3774B131-D26A-47B2-8F54-C9632F74DD6D}.Release|x86.ActiveCfg = Release|Any CPU
		{3774B131-D26A-47B2-8F54-C9632F74DD6D}.Release|x86.Build.0 = Release|Any CPU
		{BCFB8924-0C58-486E-BEF6-A5132921A58B}.Debug|Any CPU.ActiveCfg = Debug|Any CPU
		{BCFB8924-0C58-486E-BEF6-A5132921A58B}.Debug|Any CPU.Build.0 = Debug|Any CPU
		{BCFB8924-0C58-486E-BEF6-A5132921A58B}.Debug|x64.ActiveCfg = Debug|Any CPU
		{BCFB8924-0C58-486E-BEF6-A5132921A58B}.Debug|x64.Build.0 = Debug|Any CPU
		{BCFB8924-0C58-486E-BEF6-A5132921A58B}.Debug|x86.ActiveCfg = Debug|Any CPU
		{BCFB8924-0C58-486E-BEF6-A5132921A58B}.Debug|x86.Build.0 = Debug|Any CPU
		{BCFB8924-0C58-486E-BEF6-A5132921A58B}.Release|Any CPU.ActiveCfg = Release|Any CPU
		{BCFB8924-0C58-486E-BEF6-A5132921A58B}.Release|Any CPU.Build.0 = Release|Any CPU
		{BCFB8924-0C58-486E-BEF6-A5132921A58B}.Release|x64.ActiveCfg = Release|Any CPU
		{BCFB8924-0C58-486E-BEF6-A5132921A58B}.Release|x64.Build.0 = Release|Any CPU
		{BCFB8924-0C58-486E-BEF6-A5132921A58B}.Release|x86.ActiveCfg = Release|Any CPU
		{BCFB8924-0C58-486E-BEF6-A5132921A58B}.Release|x86.Build.0 = Release|Any CPU
		{B9714BC3-3DCF-4496-9C28-0E579706DAE6}.Debug|Any CPU.ActiveCfg = Debug|Any CPU
		{B9714BC3-3DCF-4496-9C28-0E579706DAE6}.Debug|Any CPU.Build.0 = Debug|Any CPU
		{B9714BC3-3DCF-4496-9C28-0E579706DAE6}.Debug|x64.ActiveCfg = Debug|Any CPU
		{B9714BC3-3DCF-4496-9C28-0E579706DAE6}.Debug|x64.Build.0 = Debug|Any CPU
		{B9714BC3-3DCF-4496-9C28-0E579706DAE6}.Debug|x86.ActiveCfg = Debug|Any CPU
		{B9714BC3-3DCF-4496-9C28-0E579706DAE6}.Debug|x86.Build.0 = Debug|Any CPU
		{B9714BC3-3DCF-4496-9C28-0E579706DAE6}.Release|Any CPU.ActiveCfg = Release|Any CPU
		{B9714BC3-3DCF-4496-9C28-0E579706DAE6}.Release|Any CPU.Build.0 = Release|Any CPU
		{B9714BC3-3DCF-4496-9C28-0E579706DAE6}.Release|x64.ActiveCfg = Release|Any CPU
		{B9714BC3-3DCF-4496-9C28-0E579706DAE6}.Release|x64.Build.0 = Release|Any CPU
		{B9714BC3-3DCF-4496-9C28-0E579706DAE6}.Release|x86.ActiveCfg = Release|Any CPU
		{B9714BC3-3DCF-4496-9C28-0E579706DAE6}.Release|x86.Build.0 = Release|Any CPU
	EndGlobalSection
	GlobalSection(SolutionProperties) = preSolution
		HideSolutionNode = FALSE
	EndGlobalSection
	GlobalSection(NestedProjects) = preSolution
		{92D5732C-EFEA-5B07-76A6-6E27818F8CBC} = {E7BDDBC6-9FD1-D1D7-ACD8-2C4F8E3D2461}
		{3774B131-D26A-47B2-8F54-C9632F74DD6D} = {92D5732C-EFEA-5B07-76A6-6E27818F8CBC}
		{612296D2-03BA-6122-3538-4A790CC15CA1} = {50550AE8-2284-912A-C6A6-40AEDFAB45B2}
		{BCFB8924-0C58-486E-BEF6-A5132921A58B} = {612296D2-03BA-6122-3538-4A790CC15CA1}
		{BE640DEA-0863-758E-DF9E-23284EE18557} = {96B45E6E-AE11-3300-C20C-C6814903C61C}
		{B9714BC3-3DCF-4496-9C28-0E579706DAE6} = {BE640DEA-0863-758E-DF9E-23284EE18557}
	EndGlobalSection
EndGlobal
